lockfileVersion: '6.0'

settings:
  autoInstallPeers: true
  excludeLinksFromLockfile: false

importers:

  .: {}

  apps/web: {}

  packages/audit: {}

  packages/auth: {}

  packages/branch: {}

  packages/contracts: {}

  packages/core: {}

  packages/dashboard: {}

  packages/event-bus: {}

  packages/feature-flags: {}

  packages/file-management: {}

  packages/notifications: {}

  packages/plugin: {}

  packages/plugin-sdk: {}

  packages/rbac: {}

  packages/settings: {}

  packages/shared-types: {}

  packages/shared-utils: {}

  packages/subscription: {}

  packages/tenant: {}

  packages/ui: {}

  packages/user: {}
